
Microsoft Visual Studio Solution File, Format Version 12.00
# Visual Studio Version 16
VisualStudioVersion = 16.0.33328.57
MinimumVisualStudioVersion = 10.0.40219.1
Project("{FAE04EC0-301F-11D3-BF4B-00C04F79EFBC}") = "OCR", "OCR\OCR.csproj", "{CBC9A683-0C02-4104-89A0-11027D15D6E1}"
EndProject
Global
	GlobalSection(SolutionConfigurationPlatforms) = preSolution
		Debug|Any CPU = Debug|Any CPU
		Release|Any CPU = Release|Any CPU
	EndGlobalSection
	GlobalSection(ProjectConfigurationPlatforms) = postSolution
		{CBC9A683-0C02-4104-89A0-11027D15D6E1}.Debug|Any CPU.ActiveCfg = Debug|Any CPU
		{CBC9A683-0C02-4104-89A0-11027D15D6E1}.Debug|Any CPU.Build.0 = Debug|Any CPU
		{CBC9A683-0C02-4104-89A0-11027D15D6E1}.Release|Any CPU.ActiveCfg = Release|Any CPU
		{CBC9A683-0C02-4104-89A0-11027D15D6E1}.Release|Any CPU.Build.0 = Release|Any CPU
	EndGlobalSection
	GlobalSection(SolutionProperties) = preSolution
		HideSolutionNode = FALSE
	EndGlobalSection
	GlobalSection(ExtensibilityGlobals) = postSolution
		SolutionGuid = {9068B4EC-34C2-48F5-B88E-4D3CCBCDC2E4}
	EndGlobalSection
EndGlobal
